
Microsoft Visual Studio Solution File, Format Version 12.00
# Visual Studio Version 16
VisualStudioVersion = 16.0.31424.327
MinimumVisualStudioVersion = 10.0.40219.1
Project("{2150E333-8FDC-42A3-9474-1A3956D46DE8}") = "Services", "Services", "{B4EEA791-6F31-496F-ACA8-F67CE991CAF0}"
EndProject
Project("{2150E333-8FDC-42A3-9474-1A3956D46DE8}") = "Catalog", "Catalog", "{FDDD19A2-ABDF-4EF7-BC5F-84BB0B748B0B}"
EndProject
Project("{9A19103F-16F7-4668-BE54-9A1E7A4F7556}") = "Catalog.API", "Services\Catalog\Catalog.API\Catalog.API.csproj", "{A18A637A-720E-425E-8B86-3E4859DC0842}"
EndProject
Project("{E53339B2-1760-4266-BCC7-CA923CBCF16C}") = "docker-compose", "docker-compose.dcproj", "{F1557D59-726E-42CA-BE2D-A751F80C0132}"
EndProject
Project("{2150E333-8FDC-42A3-9474-1A3956D46DE8}") = "Basket", "Basket", "{55BD81E4-0867-41F8-8726-40D2F1C78F1A}"
EndProject
Project("{9A19103F-16F7-4668-BE54-9A1E7A4F7556}") = "Basket.API", "Services\Basket\Basket.API\Basket.API.csproj", "{61CCF5B1-5204-41E9-929C-B75A792F262E}"
EndProject
Project("{2150E333-8FDC-42A3-9474-1A3956D46DE8}") = "Discount", "Discount", "{8CD0FD93-C4B0-4044-8965-AF9157C6D819}"
EndProject
Project("{FAE04EC0-301F-11D3-BF4B-00C04F79EFBC}") = "Discount.API", "Services\Discount\Discount.API\Discount.API.csproj", "{E15BC9A2-D8F0-447F-AE15-89E46179D571}"
EndProject
Global
	GlobalSection(SolutionConfigurationPlatforms) = preSolution
		Debug|Any CPU = Debug|Any CPU
		Release|Any CPU = Release|Any CPU
	EndGlobalSection
	GlobalSection(ProjectConfigurationPlatforms) = postSolution
		{A18A637A-720E-425E-8B86-3E4859DC0842}.Debug|Any CPU.ActiveCfg = Debug|Any CPU
		{A18A637A-720E-425E-8B86-3E4859DC0842}.Debug|Any CPU.Build.0 = Debug|Any CPU
		{A18A637A-720E-425E-8B86-3E4859DC0842}.Release|Any CPU.ActiveCfg = Release|Any CPU
		{A18A637A-720E-425E-8B86-3E4859DC0842}.Release|Any CPU.Build.0 = Release|Any CPU
		{F1557D59-726E-42CA-BE2D-A751F80C0132}.Debug|Any CPU.ActiveCfg = Debug|Any CPU
		{F1557D59-726E-42CA-BE2D-A751F80C0132}.Debug|Any CPU.Build.0 = Debug|Any CPU
		{F1557D59-726E-42CA-BE2D-A751F80C0132}.Release|Any CPU.ActiveCfg = Release|Any CPU
		{F1557D59-726E-42CA-BE2D-A751F80C0132}.Release|Any CPU.Build.0 = Release|Any CPU
		{61CCF5B1-5204-41E9-929C-B75A792F262E}.Debug|Any CPU.ActiveCfg = Debug|Any CPU
		{61CCF5B1-5204-41E9-929C-B75A792F262E}.Debug|Any CPU.Build.0 = Debug|Any CPU
		{61CCF5B1-5204-41E9-929C-B75A792F262E}.Release|Any CPU.ActiveCfg = Release|Any CPU
		{61CCF5B1-5204-41E9-929C-B75A792F262E}.Release|Any CPU.Build.0 = Release|Any CPU
		{E15BC9A2-D8F0-447F-AE15-89E46179D571}.Debug|Any CPU.ActiveCfg = Debug|Any CPU
		{E15BC9A2-D8F0-447F-AE15-89E46179D571}.Debug|Any CPU.Build.0 = Debug|Any CPU
		{E15BC9A2-D8F0-447F-AE15-89E46179D571}.Release|Any CPU.ActiveCfg = Release|Any CPU
		{E15BC9A2-D8F0-447F-AE15-89E46179D571}.Release|Any CPU.Build.0 = Release|Any CPU
	EndGlobalSection
	GlobalSection(SolutionProperties) = preSolution
		HideSolutionNode = FALSE
	EndGlobalSection
	GlobalSection(NestedProjects) = preSolution
		{FDDD19A2-ABDF-4EF7-BC5F-84BB0B748B0B} = {B4EEA791-6F31-496F-ACA8-F67CE991CAF0}
		{A18A637A-720E-425E-8B86-3E4859DC0842} = {FDDD19A2-ABDF-4EF7-BC5F-84BB0B748B0B}
		{55BD81E4-0867-41F8-8726-40D2F1C78F1A} = {B4EEA791-6F31-496F-ACA8-F67CE991CAF0}
		{61CCF5B1-5204-41E9-929C-B75A792F262E} = {55BD81E4-0867-41F8-8726-40D2F1C78F1A}
		{8CD0FD93-C4B0-4044-8965-AF9157C6D819} = {B4EEA791-6F31-496F-ACA8-F67CE991CAF0}
		{E15BC9A2-D8F0-447F-AE15-89E46179D571} = {8CD0FD93-C4B0-4044-8965-AF9157C6D819}
	EndGlobalSection
	GlobalSection(ExtensibilityGlobals) = postSolution
		SolutionGuid = {A542BD07-770B-443B-A757-7F5F7F97D2E2}
	EndGlobalSection
EndGlobal
